
Microsoft Visual Studio Solution File, Format Version 12.00
# Visual Studio Version 16
VisualStudioVersion = 16.0.29209.62
MinimumVisualStudioVersion = 10.0.40219.1
Project("{FAE04EC0-301F-11D3-BF4B-00C04F79EFBC}") = "CalculatorWithPrism", "CalculatorWithPrism\CalculatorWithPrism.csproj", "{B5C05380-E83B-41A7-AB37-275DD947D376}"
EndProject
Global
	GlobalSection(SolutionConfigurationPlatforms) = preSolution
		Debug|Any CPU = Debug|Any CPU
		Release|Any CPU = Release|Any CPU
	EndGlobalSection
	GlobalSection(ProjectConfigurationPlatforms) = postSolution
		{B5C05380-E83B-41A7-AB37-275DD947D376}.Debug|Any CPU.ActiveCfg = Debug|Any CPU
		{B5C05380-E83B-41A7-AB37-275DD947D376}.Debug|Any CPU.Build.0 = Debug|Any CPU
		{B5C05380-E83B-41A7-AB37-275DD947D376}.Release|Any CPU.ActiveCfg = Release|Any CPU
		{B5C05380-E83B-41A7-AB37-275DD947D376}.Release|Any CPU.Build.0 = Release|Any CPU
	EndGlobalSection
	GlobalSection(SolutionProperties) = preSolution
		HideSolutionNode = FALSE
	EndGlobalSection
	GlobalSection(ExtensibilityGlobals) = postSolution
		SolutionGuid = {DDBFA88F-09C2-45D4-95FE-DDF074F553D3}
	EndGlobalSection
EndGlobal
